
Microsoft Visual Studio Solution File, Format Version 12.00
# Visual Studio Version 17
VisualStudioVersion = 17.11.35327.3
MinimumVisualStudioVersion = 10.0.40219.1
Project("{8BC9CEB8-8B4A-11D0-8D11-00A0C91BC942}") = "CryptologyMessageClient", "CryptologyMessageClient.vcxproj", "{8CBA00E6-F741-458C-A4EB-F3151E905486}"
EndProject
Global
	GlobalSection(SolutionConfigurationPlatforms) = preSolution
		Debug|x64 = Debug|x64
		Debug|x86 = Debug|x86
		Release|x64 = Release|x64
		Release|x86 = Release|x86
	EndGlobalSection
	GlobalSection(ProjectConfigurationPlatforms) = postSolution
		{8CBA00E6-F741-458C-A4EB-F3151E905486}.Debug|x64.ActiveCfg = Debug|x64
		{8CBA00E6-F741-458C-A4EB-F3151E905486}.Debug|x64.Build.0 = Debug|x64
		{8CBA00E6-F741-458C-A4EB-F3151E905486}.Debug|x86.ActiveCfg = Debug|Win32
		{8CBA00E6-F741-458C-A4EB-F3151E905486}.Debug|x86.Build.0 = Debug|Win32
		{8CBA00E6-F741-458C-A4EB-F3151E905486}.Release|x64.ActiveCfg = Release|x64
		{8CBA00E6-F741-458C-A4EB-F3151E905486}.Release|x64.Build.0 = Release|x64
		{8CBA00E6-F741-458C-A4EB-F3151E905486}.Release|x86.ActiveCfg = Release|Win32
		{8CBA00E6-F741-458C-A4EB-F3151E905486}.Release|x86.Build.0 = Release|Win32
	EndGlobalSection
	GlobalSection(SolutionProperties) = preSolution
		HideSolutionNode = FALSE
	EndGlobalSection
	GlobalSection(ExtensibilityGlobals) = postSolution
		SolutionGuid = {F8C71ED6-A959-4866-99AA-950AB75E7359}
	EndGlobalSection
EndGlobal
